PODS:
  - ZHBExtension (1.0.0):
    - ZHBExtension/Category (= 1.0.0)
  - ZHBExtension/Category (1.0.0)

DEPENDENCIES:
  - ZHBExtension (from `../`)

EXTERNAL SOURCES:
  ZHBExtension:
    :path: "../"

SPEC CHECKSUMS:
  ZHBExtension: c9c40a0a0572efc7595b681582135bae93904197

PODFILE CHECKSUM: adb88775e5decbf5712a0ff5718989874ed4a7a1

COCOAPODS: 1.10.1
