// !$*UTF8*$!
{
	archiveVersion = 1;
	classes = {
	};
	objectVersion = 50;
	objects = {

/* Begin PBXBuildFile section */
		17919631A343BFC14107655C /* Pods_ZHBExtension.framework in Frameworks */ = {isa = PBXBuildFile; fileRef = 859A80408F4881CF5E6CEE6A /* Pods_ZHBExtension.framework */; };
		3971CF4D2681DB0F00F2244E /* AppDelegate.swift in Sources */ = {isa = PBXBuildFile; fileRef = 3971CF4C2681DB0F00F2244E /* AppDelegate.swift */; };
		3971CF4F2681DB0F00F2244E /* SceneDelegate.swift in Sources */ = {isa = PBXBuildFile; fileRef = 3971CF4E2681DB0F00F2244E /* SceneDelegate.swift */; };
		3971CF512681DB0F00F2244E /* ViewController.swift in Sources */ = {isa = PBXBuildFile; fileRef = 3971CF502681DB0F00F2244E /* ViewController.swift */; };
		3971CF542681DB0F00F2244E /* Main.storyboard in Resources */ = {isa = PBXBuildFile; fileRef = 3971CF522681DB0F00F2244E /* Main.storyboard */; };
		3971CF562681DB1200F2244E /* Assets.xcassets in Resources */ = {isa = PBXBuildFile; fileRef = 3971CF552681DB1200F2244E /* Assets.xcassets */; };
		3971CF592681DB1200F2244E /* LaunchScreen.storyboard in Resources */ = {isa = PBXBuildFile; fileRef = 3971CF572681DB1200F2244E /* LaunchScreen.storyboard */; };
/* End PBXBuildFile section */

/* Begin PBXFileReference section */
		3971CF492681DB0F00F2244E /* ZHBExtension.app */ = {isa = PBXFileReference; explicitFileType = wrapper.application; includeInIndex = 0; path = ZHBExtension.app; sourceTree = BUILT_PRODUCTS_DIR; };
		3971CF4C2681DB0F00F2244E /* AppDelegate.swift */ = {isa = PBXFileReference; lastKnownFileType = sourcecode.swift; path = AppDelegate.swift; sourceTree = "<group>"; };
		3971CF4E2681DB0F00F2244E /* SceneDelegate.swift */ = {isa = PBXFileReference; lastKnownFileType = sourcecode.swift; path = SceneDelegate.swift; sourceTree = "<group>"; };
		3971CF502681DB0F00F2244E /* ViewController.swift */ = {isa = PBXFileReference; lastKnownFileType = sourcecode.swift; path = ViewController.swift; sourceTree = "<group>"; };
		3971CF532681DB0F00F2244E /* Base */ = {isa = PBXFileReference; lastKnownFileType = file.storyboard; name = Base; path = Base.lproj/Main.storyboard; sourceTree = "<group>"; };
		3971CF552681DB1200F2244E /* Assets.xcassets */ = {isa = PBXFileReference; lastKnownFileType = folder.assetcatalog; path = Assets.xcassets; sourceTree = "<group>"; };
		3971CF582681DB1200F2244E /* Base */ = {isa = PBXFileReference; lastKnownFileType = file.storyboard; name = Base; path = Base.lproj/LaunchScreen.storyboard; sourceTree = "<group>"; };
		3971CF5A2681DB1200F2244E /* Info.plist */ = {isa = PBXFileReference; lastKnownFileType = text.plist.xml; path = Info.plist; sourceTree = "<group>"; };
		859A80408F4881CF5E6CEE6A /* Pods_ZHBExtension.framework */ = {isa = PBXFileReference; explicitFileType = wrapper.framework; includeInIndex = 0; path = Pods_ZHBExtension.framework; sourceTree = BUILT_PRODUCTS_DIR; };
		A8B87BB5127933E4635E8B87 /* Pods-ZHBExtension.release.xcconfig */ = {isa = PBXFileReference; includeInIndex = 1; lastKnownFileType = text.xcconfig; name = "Pods-ZHBExtension.release.xcconfig"; path = "Target Support Files/Pods-ZHBExtension/Pods-ZHBExtension.release.xcconfig"; sourceTree = "<group>"; };
		AEFB45CD12D2F26FBF20E159 /* Pods-ZHBExtension.debug.xcconfig */ = {isa = PBXFileReference; includeInIndex = 1; lastKnownFileType = text.xcconfig; name = "Pods-ZHBExtension.debug.xcconfig"; path = "Target Support Files/Pods-ZHBExtension/Pods-ZHBExtension.debug.xcconfig"; sourceTree = "<group>"; };
/* End PBXFileReference section */

/* Begin PBXFrameworksBuildPhase section */
		3971CF462681DB0F00F2244E /* Frameworks */ = {
			isa = PBXFrameworksBuildPhase;
			buildActionMask = 2147483647;
			files = (
				17919631A343BFC14107655C /* Pods_ZHBExtension.framework in Frameworks */,
			);
			runOnlyForDeploymentPostprocessing = 0;
		};
/* End PBXFrameworksBuildPhase section */

/* Begin PBXGroup section */
		2AC44FF66A0A449EBF55CA93 /* Pods */ = {
			isa = PBXGroup;
			children = (
				AEFB45CD12D2F26FBF20E159 /* Pods-ZHBExtension.debug.xcconfig */,
				A8B87BB5127933E4635E8B87 /* Pods-ZHBExtension.release.xcconfig */,
			);
			name = Pods;
			path = Pods;
			sourceTree = "<group>";
		};
		3971CF402681DB0F00F2244E = {
			isa = PBXGroup;
			children = (
				3971CF4B2681DB0F00F2244E /* ZHBExtension */,
				3971CF4A2681DB0F00F2244E /* Products */,
				2AC44FF66A0A449EBF55CA93 /* Pods */,
				5C9A4E53737C0472E1E8F5A9 /* Frameworks */,
			);
			sourceTree = "<group>";
		};
		3971CF4A2681DB0F00F2244E /* Products */ = {
			isa = PBXGroup;
			children = (
				3971CF492681DB0F00F2244E /* ZHBExtension.app */,
			);
			name = Products;
			sourceTree = "<group>";
		};
		3971CF4B2681DB0F00F2244E /* ZHBExtension */ = {
			isa = PBXGroup;
			children = (
				3971CF4C2681DB0F00F2244E /* AppDelegate.swift */,
				3971CF4E2681DB0F00F2244E /* SceneDelegate.swift */,
				3971CF502681DB0F00F2244E /* ViewController.swift */,
				3971CF522681DB0F00F2244E /* Main.storyboard */,
				3971CF552681DB1200F2244E /* Assets.xcassets */,
				3971CF572681DB1200F2244E /* LaunchScreen.storyboard */,
				3971CF5A2681DB1200F2244E /* Info.plist */,
			);
			path = ZHBExtension;
			sourceTree = "<group>";
		};
		5C9A4E53737C0472E1E8F5A9 /* Frameworks */ = {
			isa = PBXGroup;
			children = (
				859A80408F4881CF5E6CEE6A /* Pods_ZHBExtension.framework */,
			);
			name = Frameworks;
			sourceTree = "<group>";
		};
/* End PBXGroup section */

/* Begin PBXNativeTarget section */
		3971CF482681DB0F00F2244E /* ZHBExtension */ = {
			isa = PBXNativeTarget;
			buildConfigurationList = 3971CF5D2681DB1200F2244E /* Build configuration list for PBXNativeTarget "ZHBExtension" */;
			buildPhases = (
				ABB69098AF15AD3172970DCF /* [CP] Check Pods Manifest.lock */,
				3971CF452681DB0F00F2244E /* Sources */,
				3971CF462681DB0F00F2244E /* Frameworks */,
				3971CF472681DB0F00F2244E /* Resources */,
			);
			buildRules = (
			);
			dependencies = (
			);
			name = ZHBExtension;
			productName = ZHBExtension;
			productReference = 3971CF492681DB0F00F2244E /* ZHBExtension.app */;
			productType = "com.apple.product-type.application";
		};
/* End PBXNativeTarget section */

/* Begin PBXProject section */
		3971CF412681DB0F00F2244E /* Project object */ = {
			isa = PBXProject;
			attributes = {
				LastSwiftUpdateCheck = 1250;
				LastUpgradeCheck = 1250;
				TargetAttributes = {
					3971CF482681DB0F00F2244E = {
						CreatedOnToolsVersion = 12.5;
					};
				};
			};
			buildConfigurationList = 3971CF442681DB0F00F2244E /* Build configuration list for PBXProject "ZHBExtension" */;
			compatibilityVersion = "Xcode 9.3";
			developmentRegion = en;
			hasScannedForEncodings = 0;
			knownRegions = (
				en,
				Base,
			);
			mainGroup = 3971CF402681DB0F00F2244E;
			productRefGroup = 3971CF4A2681DB0F00F2244E /* Products */;
			projectDirPath = "";
			projectRoot = "";
			targets = (
				3971CF482681DB0F00F2244E /* ZHBExtension */,
			);
		};
/* End PBXProject section */

/* Begin PBXResourcesBuildPhase section */
		3971CF472681DB0F00F2244E /* Resources */ = {
			isa = PBXResourcesBuildPhase;
			buildActionMask = 2147483647;
			files = (
				3971CF592681DB1200F2244E /* LaunchScreen.storyboard in Resources */,
				3971CF562681DB1200F2244E /* Assets.xcassets in Resources */,
				3971CF542681DB0F00F2244E /* Main.storyboard in Resources */,
			);
			runOnlyForDeploymentPostprocessing = 0;
		};
/* End PBXResourcesBuildPhase section */

/* Begin PBXShellScriptBuildPhase section */
		ABB69098AF15AD3172970DCF /* [CP] Check Pods Manifest.lock */ = {
			isa = PBXShellScriptBuildPhase;
			buildActionMask = 2147483647;
			files = (
			);
			inputFileListPaths = (
			);
			inputPaths = (
				"${PODS_PODFILE_DIR_PATH}/Podfile.lock",
				"${PODS_ROOT}/Manifest.lock",
			);
			name = "[CP] Check Pods Manifest.lock";
			outputFileListPaths = (
			);
			outputPaths = (
				"$(DERIVED_FILE_DIR)/Pods-ZHBExtension-checkManifestLockResult.txt",
			);
			runOnlyForDeploymentPostprocessing = 0;
			shellPath = /bin/sh;
			shellScript = "diff \"${PODS_PODFILE_DIR_PATH}/Podfile.lock\" \"${PODS_ROOT}/Manifest.lock\" > /dev/null\nif [ $? != 0 ] ; then\n    # print error to STDERR\n    echo \"error: The sandbox is not in sync with the Podfile.lock. Run 'pod install' or update your CocoaPods installation.\" >&2\n    exit 1\nfi\n# This output is used by Xcode 'outputs' to avoid re-running this script phase.\necho \"SUCCESS\" > \"${SCRIPT_OUTPUT_FILE_0}\"\n";
			showEnvVarsInLog = 0;
		};
/* End PBXShellScriptBuildPhase section */

/* Begin PBXSourcesBuildPhase section */
		3971CF452681DB0F00F2244E /* Sources */ = {
			isa = PBXSourcesBuildPhase;
			buildActionMask = 2147483647;
			files = (
				3971CF512681DB0F00F2244E /* ViewController.swift in Sources */,
				3971CF4D2681DB0F00F2244E /* AppDelegate.swift in Sources */,
				3971CF4F2681DB0F00F2244E /* SceneDelegate.swift in Sources */,
			);
			runOnlyForDeploymentPostprocessing = 0;
		};
/* End PBXSourcesBuildPhase section */

/* Begin PBXVariantGroup section */
		3971CF522681DB0F00F2244E /* Main.storyboard */ = {
			isa = PBXVariantGroup;
			children = (
				3971CF532681DB0F00F2244E /* Base */,
			);
			name = Main.storyboard;
			sourceTree = "<group>";
		};
		3971CF572681DB1200F2244E /* LaunchScreen.storyboard */ = {
			isa = PBXVariantGroup;
			children = (
				3971CF582681DB1200F2244E /* Base */,
			);
			name = LaunchScreen.storyboard;
			sourceTree = "<group>";
		};
/* End PBXVariantGroup section */

/* Begin XCBuildConfiguration section */
		3971CF5B2681DB1200F2244E /* Debug */ = {
			isa = XCBuildConfiguration;
			buildSettings = {
				ALWAYS_SEARCH_USER_PATHS = NO;
				CLANG_ANALYZER_NONNULL = YES;
				CLANG_ANALYZER_NUMBER_OBJECT_CONVERSION = YES_AGGRESSIVE;
				CLANG_CXX_LANGUAGE_STANDARD = "gnu++14";
				CLANG_CXX_LIBRARY = "libc++";
				CLANG_ENABLE_MODULES = YES;
				CLANG_ENABLE_OBJC_ARC = YES;
				CLANG_ENABLE_OBJC_WEAK = YES;
				CLANG_WARN_BLOCK_CAPTURE_AUTORELEASING = YES;
				CLANG_WARN_BOOL_CONVERSION = YES;
				CLANG_WARN_COMMA = YES;
				CLANG_WARN_CONSTANT_CONVERSION = YES;
				CLANG_WARN_DEPRECATED_OBJC_IMPLEMENTATIONS = YES;
				CLANG_WARN_DIRECT_OBJC_ISA_USAGE = YES_ERROR;
				CLANG_WARN_DOCUMENTATION_COMMENTS = YES;
				CLANG_WARN_EMPTY_BODY = YES;
				CLANG_WARN_ENUM_CONVERSION = YES;
				CLANG_WARN_INFINITE_RECURSION = YES;
				CLANG_WARN_INT_CONVERSION = YES;
				CLANG_WARN_NON_LITERAL_NULL_CONVERSION = YES;
				CLANG_WARN_OBJC_IMPLICIT_RETAIN_SELF = YES;
				CLANG_WARN_OBJC_LITERAL_CONVERSION = YES;
				CLANG_WARN_OBJC_ROOT_CLASS = YES_ERROR;
				CLANG_WARN_QUOTED_INCLUDE_IN_FRAMEWORK_HEADER = YES;
				CLANG_WARN_RANGE_LOOP_ANALYSIS = YES;
				CLANG_WARN_STRICT_PROTOTYPES = YES;
				CLANG_WARN_SUSPICIOUS_MOVE = YES;
				CLANG_WARN_UNGUARDED_AVAILABILITY = YES_AGGRESSIVE;
				CLANG_WARN_UNREACHABLE_CODE = YES;
				CLANG_WARN__DUPLICATE_METHOD_MATCH = YES;
				COPY_PHASE_STRIP = NO;
				DEBUG_INFORMATION_FORMAT = dwarf;
				ENABLE_STRICT_OBJC_MSGSEND = YES;
				ENABLE_TESTABILITY = YES;
				GCC_C_LANGUAGE_STANDARD = gnu11;
				GCC_DYNAMIC_NO_PIC = NO;
				GCC_NO_COMMON_BLOCKS = YES;
				GCC_OPTIMIZATION_LEVEL = 0;
				GCC_PREPROCESSOR_DEFINITIONS = (
					"DEBUG=1",
					"$(inherited)",
				);
				GCC_WARN_64_TO_32_BIT_CONVERSION = YES;
				GCC_WARN_ABOUT_RETURN_TYPE = YES_ERROR;
				GCC_WARN_UNDECLARED_SELECTOR = YES;
				GCC_WARN_UNINITIALIZED_AUTOS = YES_AGGRESSIVE;
				GCC_WARN_UNUSED_FUNCTION = YES;
				GCC_WARN_UNUSED_VARIABLE = YES;
				IPHONEOS_DEPLOYMENT_TARGET = 14.5;
				MTL_ENABLE_DEBUG_INFO = INCLUDE_SOURCE;
				MTL_FAST_MATH = YES;
				ONLY_ACTIVE_ARCH = YES;
				SDKROOT = iphoneos;
				SWIFT_ACTIVE_COMPILATION_CONDITIONS = DEBUG;
				SWIFT_OPTIMIZATION_LEVEL = "-Onone";
			};
			name = Debug;
		};
		3971CF5C2681DB1200F2244E /* Release */ = {
			isa = XCBuildConfiguration;
			buildSettings = {
				ALWAYS_SEARCH_USER_PATHS = NO;
				CLANG_ANALYZER_NONNULL = YES;
				CLANG_ANALYZER_NUMBER_OBJECT_CONVERSION = YES_AGGRESSIVE;
				CLANG_CXX_LANGUAGE_STANDARD = "gnu++14";
				CLANG_CXX_LIBRARY = "libc++";
				CLANG_ENABLE_MODULES = YES;
				CLANG_ENABLE_OBJC_ARC = YES;
				CLANG_ENABLE_OBJC_WEAK = YES;
				CLANG_WARN_BLOCK_CAPTURE_AUTORELEASING = YES;
				CLANG_WARN_BOOL_CONVERSION = YES;
				CLANG_WARN_COMMA = YES;
				CLANG_WARN_CONSTANT_CONVERSION = YES;
				CLANG_WARN_DEPRECATED_OBJC_IMPLEMENTATIONS = YES;
				CLANG_WARN_DIRECT_OBJC_ISA_USAGE = YES_ERROR;
				CLANG_WARN_DOCUMENTATION_COMMENTS = YES;
				CLANG_WARN_EMPTY_BODY = YES;
				CLANG_WARN_ENUM_CONVERSION = YES;
				CLANG_WARN_INFINITE_RECURSION = YES;
				CLANG_WARN_INT_CONVERSION = YES;
				CLANG_WARN_NON_LITERAL_NULL_CONVERSION = YES;
				CLANG_WARN_OBJC_IMPLICIT_RETAIN_SELF = YES;
				CLANG_WARN_OBJC_LITERAL_CONVERSION = YES;
				CLANG_WARN_OBJC_ROOT_CLASS = YES_ERROR;
				CLANG_WARN_QUOTED_INCLUDE_IN_FRAMEWORK_HEADER = YES;
				CLANG_WARN_RANGE_LOOP_ANALYSIS = YES;
				CLANG_WARN_STRICT_PROTOTYPES = YES;
				CLANG_WARN_SUSPICIOUS_MOVE = YES;
				CLANG_WARN_UNGUARDED_AVAILABILITY = YES_AGGRESSIVE;
				CLANG_WARN_UNREACHABLE_CODE = YES;
				CLANG_WARN__DUPLICATE_METHOD_MATCH = YES;
				COPY_PHASE_STRIP = NO;
				DEBUG_INFORMATION_FORMAT = "dwarf-with-dsym";
				ENABLE_NS_ASSERTIONS = NO;
				ENABLE_STRICT_OBJC_MSGSEND = YES;
				GCC_C_LANGUAGE_STANDARD = gnu11;
				GCC_NO_COMMON_BLOCKS = YES;
				GCC_WARN_64_TO_32_BIT_CONVERSION = YES;
				GCC_WARN_ABOUT_RETURN_TYPE = YES_ERROR;
				GCC_WARN_UNDECLARED_SELECTOR = YES;
				GCC_WARN_UNINITIALIZED_AUTOS = YES_AGGRESSIVE;
				GCC_WARN_UNUSED_FUNCTION = YES;
				GCC_WARN_UNUSED_VARIABLE = YES;
				IPHONEOS_DEPLOYMENT_TARGET = 14.5;
				MTL_ENABLE_DEBUG_INFO = NO;
				MTL_FAST_MATH = YES;
				SDKROOT = iphoneos;
				SWIFT_COMPILATION_MODE = wholemodule;
				SWIFT_OPTIMIZATION_LEVEL = "-O";
				VALIDATE_PRODUCT = YES;
			};
			name = Release;
		};
		3971CF5E2681DB1200F2244E /* Debug */ = {
			isa = XCBuildConfiguration;
			baseConfigurationReference = AEFB45CD12D2F26FBF20E159 /* Pods-ZHBExtension.debug.xcconfig */;
			buildSettings = {
				ASSETCATALOG_COMPILER_APPICON_NAME = AppIcon;
				ASSETCATALOG_COMPILER_GLOBAL_ACCENT_COLOR_NAME = AccentColor;
				CODE_SIGN_STYLE = Automatic;
				DEVELOPMENT_TEAM = UL65FD7525;
				INFOPLIST_FILE = ZHBExtension/Info.plist;
				LD_RUNPATH_SEARCH_PATHS = (
					"$(inherited)",
					"@executable_path/Frameworks",
				);
				PRODUCT_BUNDLE_IDENTIFIER = com.zhaohongbin.cyou.ZHBExtension;
				PRODUCT_NAME = "$(TARGET_NAME)";
				SWIFT_VERSION = 5.0;
				TARGETED_DEVICE_FAMILY = "1,2";
			};
			name = Debug;
		};
		3971CF5F2681DB1200F2244E /* Release */ = {
			isa = XCBuildConfiguration;
			baseConfigurationReference = A8B87BB5127933E4635E8B87 /* Pods-ZHBExtension.release.xcconfig */;
			buildSettings = {
				ASSETCATALOG_COMPILER_APPICON_NAME = AppIcon;
				ASSETCATALOG_COMPILER_GLOBAL_ACCENT_COLOR_NAME = AccentColor;
				CODE_SIGN_STYLE = Automatic;
				DEVELOPMENT_TEAM = UL65FD7525;
				INFOPLIST_FILE = ZHBExtension/Info.plist;
				LD_RUNPATH_SEARCH_PATHS = (
					"$(inherited)",
					"@executable_path/Frameworks",
				);
				PRODUCT_BUNDLE_IDENTIFIER = com.zhaohongbin.cyou.ZHBExtension;
				PRODUCT_NAME = "$(TARGET_NAME)";
				SWIFT_VERSION = 5.0;
				TARGETED_DEVICE_FAMILY = "1,2";
			};
			name = Release;
		};
/* End XCBuildConfiguration section */

/* Begin XCConfigurationList section */
		3971CF442681DB0F00F2244E /* Build configuration list for PBXProject "ZHBExtension" */ = {
			isa = XCConfigurationList;
			buildConfigurations = (
				3971CF5B2681DB1200F2244E /* Debug */,
				3971CF5C2681DB1200F2244E /* Release */,
			);
			defaultConfigurationIsVisible = 0;
			defaultConfigurationName = Release;
		};
		3971CF5D2681DB1200F2244E /* Build configuration list for PBXNativeTarget "ZHBExtension" */ = {
			isa = XCConfigurationList;
			buildConfigurations = (
				3971CF5E2681DB1200F2244E /* Debug */,
				3971CF5F2681DB1200F2244E /* Release */,
			);
			defaultConfigurationIsVisible = 0;
			defaultConfigurationName = Release;
		};
/* End XCConfigurationList section */
	};
	rootObject = 3971CF412681DB0F00F2244E /* Project object */;
}
